
Microsoft Visual Studio Solution File, Format Version 12.00
# Visual Studio Version 16
VisualStudioVersion = 16.0.31005.135
MinimumVisualStudioVersion = 10.0.40219.1
Project("{FAE04EC0-301F-11D3-BF4B-00C04F79EFBC}") = "WpfTask1", "WpfTask1\WpfTask1.csproj", "{AEEC719B-BF00-4A60-8A0A-D54BD12C3B67}"
EndProject
Global
	GlobalSection(SolutionConfigurationPlatforms) = preSolution
		Debug|Any CPU = Debug|Any CPU
		Release|Any CPU = Release|Any CPU
	EndGlobalSection
	GlobalSection(ProjectConfigurationPlatforms) = postSolution
		{AEEC719B-BF00-4A60-8A0A-D54BD12C3B67}.Debug|Any CPU.ActiveCfg = Debug|Any CPU
		{AEEC719B-BF00-4A60-8A0A-D54BD12C3B67}.Debug|Any CPU.Build.0 = Debug|Any CPU
		{AEEC719B-BF00-4A60-8A0A-D54BD12C3B67}.Release|Any CPU.ActiveCfg = Release|Any CPU
		{AEEC719B-BF00-4A60-8A0A-D54BD12C3B67}.Release|Any CPU.Build.0 = Release|Any CPU
	EndGlobalSection
	GlobalSection(SolutionProperties) = preSolution
		HideSolutionNode = FALSE
	EndGlobalSection
	GlobalSection(ExtensibilityGlobals) = postSolution
		SolutionGuid = {DF73E909-0157-475F-BD6A-A99F1BB84A6E}
	EndGlobalSection
EndGlobal
